// !$*UTF8*$!
{
	archiveVersion = 1;
	classes = {
	};
	objectVersion = 46;
	objects = {

/* Begin PBXBuildFile section */
		0F26BDF81CAA6017006E4485 /* AppDelegate.swift in Sources */ = {isa = PBXBuildFile; fileRef = 0F26BDF71CAA6017006E4485 /* AppDelegate.swift */; };
		0F26BDFA1CAA6017006E4485 /* MapViewController.swift in Sources */ = {isa = PBXBuildFile; fileRef = 0F26BDF91CAA6017006E4485 /* MapViewController.swift */; };
		0F26BDFC1CAA6017006E4485 /* ListViewController.swift in Sources */ = {isa = PBXBuildFile; fileRef = 0F26BDFB1CAA6017006E4485 /* ListViewController.swift */; };
		0F26BE011CAA6017006E4485 /* Assets.xcassets in Resources */ = {isa = PBXBuildFile; fileRef = 0F26BE001CAA6017006E4485 /* Assets.xcassets */; };
		0F26BE041CAA6017006E4485 /* LaunchScreen.storyboard in Resources */ = {isa = PBXBuildFile; fileRef = 0F26BE021CAA6017006E4485 /* LaunchScreen.storyboard */; };
		0F29B6B91CAF02E400757E82 /* ParseStudentLocation.swift in Sources */ = {isa = PBXBuildFile; fileRef = 0F29B6B81CAF02E400757E82 /* ParseStudentLocation.swift */; };
		0F628E8F1CB12B79005A2ED8 /* Main.storyboard in Resources */ = {isa = PBXBuildFile; fileRef = 0F628E8D1CB12B79005A2ED8 /* Main.storyboard */; };
		0F74C3731CAA61BC00F32681 /* UdacityConstants.swift in Sources */ = {isa = PBXBuildFile; fileRef = 0F74C3721CAA61BC00F32681 /* UdacityConstants.swift */; };
		0F74C3761CAA622100F32681 /* GCDBlackBox.swift in Sources */ = {isa = PBXBuildFile; fileRef = 0F74C3751CAA622100F32681 /* GCDBlackBox.swift */; };
		0F74C3791CAA64C200F32681 /* BorderedButton.swift in Sources */ = {isa = PBXBuildFile; fileRef = 0F74C3781CAA64C200F32681 /* BorderedButton.swift */; };
		0F74C37B1CAA695100F32681 /* LoginViewController.swift in Sources */ = {isa = PBXBuildFile; fileRef = 0F74C37A1CAA695100F32681 /* LoginViewController.swift */; };
		0F7FD4EB1CB7A74D0073F32A /* LinkViewController.swift in Sources */ = {isa = PBXBuildFile; fileRef = 0F7FD4EA1CB7A74D0073F32A /* LinkViewController.swift */; };
		0FA221141CABD0A4002FE14D /* NavigationViewController.swift in Sources */ = {isa = PBXBuildFile; fileRef = 0FA221131CABD0A4002FE14D /* NavigationViewController.swift */; };
		0FA221161CABDAC6002FE14D /* NavBarButtonController.swift in Sources */ = {isa = PBXBuildFile; fileRef = 0FA221151CABDAC6002FE14D /* NavBarButtonController.swift */; };
		0FA221191CAD6108002FE14D /* ParseConstants.swift in Sources */ = {isa = PBXBuildFile; fileRef = 0FA221181CAD6108002FE14D /* ParseConstants.swift */; };
		0FA2211B1CAD611B002FE14D /* ParseClient.swift in Sources */ = {isa = PBXBuildFile; fileRef = 0FA2211A1CAD611B002FE14D /* ParseClient.swift */; };
		0FA2211D1CAD612B002FE14D /* ParseConvenience.swift in Sources */ = {isa = PBXBuildFile; fileRef = 0FA2211C1CAD612B002FE14D /* ParseConvenience.swift */; };
		0FA2211F1CAD61F6002FE14D /* NetworkUtils.swift in Sources */ = {isa = PBXBuildFile; fileRef = 0FA2211E1CAD61F6002FE14D /* NetworkUtils.swift */; };
		0FC0D6F11CB2BFBA0004B33E /* LocationViewController.swift in Sources */ = {isa = PBXBuildFile; fileRef = 0FC0D6F01CB2BFBA0004B33E /* LocationViewController.swift */; };
		0FEBBC831CAA72DE00D97AD1 /* UdacityClient.swift in Sources */ = {isa = PBXBuildFile; fileRef = 0FEBBC821CAA72DE00D97AD1 /* UdacityClient.swift */; };
		0FEBBC851CAA749900D97AD1 /* UdacityConvenience.swift in Sources */ = {isa = PBXBuildFile; fileRef = 0FEBBC841CAA749900D97AD1 /* UdacityConvenience.swift */; };
		0FEBBC871CAACE2600D97AD1 /* Constants.swift in Sources */ = {isa = PBXBuildFile; fileRef = 0FEBBC861CAACE2600D97AD1 /* Constants.swift */; };
		0FEBBC891CAAE50200D97AD1 /* TabBarViewController.swift in Sources */ = {isa = PBXBuildFile; fileRef = 0FEBBC881CAAE50200D97AD1 /* TabBarViewController.swift */; };
/* End PBXBuildFile section */

/* Begin PBXFileReference section */
		0F26BDF41CAA6017006E4485 /* On the Map.app */ = {isa = PBXFileReference; explicitFileType = wrapper.application; includeInIndex = 0; path = "On the Map.app"; sourceTree = BUILT_PRODUCTS_DIR; };
		0F26BDF71CAA6017006E4485 /* AppDelegate.swift */ = {isa = PBXFileReference; lastKnownFileType = sourcecode.swift; path = AppDelegate.swift; sourceTree = "<group>"; };
		0F26BDF91CAA6017006E4485 /* MapViewController.swift */ = {isa = PBXFileReference; lastKnownFileType = sourcecode.swift; path = MapViewController.swift; sourceTree = "<group>"; };
		0F26BDFB1CAA6017006E4485 /* ListViewController.swift */ = {isa = PBXFileReference; lastKnownFileType = sourcecode.swift; path = ListViewController.swift; sourceTree = "<group>"; };
		0F26BE001CAA6017006E4485 /* Assets.xcassets */ = {isa = PBXFileReference; lastKnownFileType = folder.assetcatalog; path = Assets.xcassets; sourceTree = "<group>"; };
		0F26BE031CAA6017006E4485 /* Base */ = {isa = PBXFileReference; lastKnownFileType = file.storyboard; name = Base; path = Base.lproj/LaunchScreen.storyboard; sourceTree = "<group>"; };
		0F26BE051CAA6017006E4485 /* Info.plist */ = {isa = PBXFileReference; lastKnownFileType = text.plist.xml; path = Info.plist; sourceTree = "<group>"; };
		0F29B6B81CAF02E400757E82 /* ParseStudentLocation.swift */ = {isa = PBXFileReference; fileEncoding = 4; lastKnownFileType = sourcecode.swift; path = ParseStudentLocation.swift; sourceTree = "<group>"; };
		0F628E8E1CB12B79005A2ED8 /* Base */ = {isa = PBXFileReference; lastKnownFileType = file.storyboard; name = Base; path = Base.lproj/Main.storyboard; sourceTree = "<group>"; };
		0F74C3721CAA61BC00F32681 /* UdacityConstants.swift */ = {isa = PBXFileReference; fileEncoding = 4; lastKnownFileType = sourcecode.swift; path = UdacityConstants.swift; sourceTree = "<group>"; };
		0F74C3751CAA622100F32681 /* GCDBlackBox.swift */ = {isa = PBXFileReference; fileEncoding = 4; lastKnownFileType = sourcecode.swift; path = GCDBlackBox.swift; sourceTree = "<group>"; };
		0F74C3781CAA64C200F32681 /* BorderedButton.swift */ = {isa = PBXFileReference; fileEncoding = 4; lastKnownFileType = sourcecode.swift; path = BorderedButton.swift; sourceTree = "<group>"; };
		0F74C37A1CAA695100F32681 /* LoginViewController.swift */ = {isa = PBXFileReference; fileEncoding = 4; lastKnownFileType = sourcecode.swift; path = LoginViewController.swift; sourceTree = "<group>"; };
		0F7FD4EA1CB7A74D0073F32A /* LinkViewController.swift */ = {isa = PBXFileReference; fileEncoding = 4; lastKnownFileType = sourcecode.swift; path = LinkViewController.swift; sourceTree = "<group>"; };
		0FA221131CABD0A4002FE14D /* NavigationViewController.swift */ = {isa = PBXFileReference; fileEncoding = 4; lastKnownFileType = sourcecode.swift; path = NavigationViewController.swift; sourceTree = "<group>"; };
		0FA221151CABDAC6002FE14D /* NavBarButtonController.swift */ = {isa = PBXFileReference; fileEncoding = 4; lastKnownFileType = sourcecode.swift; path = NavBarButtonController.swift; sourceTree = "<group>"; };
		0FA221181CAD6108002FE14D /* ParseConstants.swift */ = {isa = PBXFileReference; fileEncoding = 4; lastKnownFileType = sourcecode.swift; path = ParseConstants.swift; sourceTree = "<group>"; };
		0FA2211A1CAD611B002FE14D /* ParseClient.swift */ = {isa = PBXFileReference; fileEncoding = 4; lastKnownFileType = sourcecode.swift; path = ParseClient.swift; sourceTree = "<group>"; };
		0FA2211C1CAD612B002FE14D /* ParseConvenience.swift */ = {isa = PBXFileReference; fileEncoding = 4; lastKnownFileType = sourcecode.swift; path = ParseConvenience.swift; sourceTree = "<group>"; };
		0FA2211E1CAD61F6002FE14D /* NetworkUtils.swift */ = {isa = PBXFileReference; fileEncoding = 4; lastKnownFileType = sourcecode.swift; path = NetworkUtils.swift; sourceTree = "<group>"; };
		0FC0D6F01CB2BFBA0004B33E /* LocationViewController.swift */ = {isa = PBXFileReference; fileEncoding = 4; lastKnownFileType = sourcecode.swift; path = LocationViewController.swift; sourceTree = "<group>"; };
		0FEBBC821CAA72DE00D97AD1 /* UdacityClient.swift */ = {isa = PBXFileReference; fileEncoding = 4; lastKnownFileType = sourcecode.swift; path = UdacityClient.swift; sourceTree = "<group>"; };
		0FEBBC841CAA749900D97AD1 /* UdacityConvenience.swift */ = {isa = PBXFileReference; fileEncoding = 4; lastKnownFileType = sourcecode.swift; path = UdacityConvenience.swift; sourceTree = "<group>"; };
		0FEBBC861CAACE2600D97AD1 /* Constants.swift */ = {isa = PBXFileReference; fileEncoding = 4; lastKnownFileType = sourcecode.swift; path = Constants.swift; sourceTree = "<group>"; };
		0FEBBC881CAAE50200D97AD1 /* TabBarViewController.swift */ = {isa = PBXFileReference; fileEncoding = 4; lastKnownFileType = sourcecode.swift; path = TabBarViewController.swift; sourceTree = "<group>"; };
/* End PBXFileReference section */

/* Begin PBXFrameworksBuildPhase section */
		0F26BDF11CAA6017006E4485 /* Frameworks */ = {
			isa = PBXFrameworksBuildPhase;
			buildActionMask = 2147483647;
			files = (
			);
			runOnlyForDeploymentPostprocessing = 0;
		};
/* End PBXFrameworksBuildPhase section */

/* Begin PBXGroup section */
		0F26BDEB1CAA6017006E4485 = {
			isa = PBXGroup;
			children = (
				0F26BDF61CAA6017006E4485 /* On the Map */,
				0F26BDF51CAA6017006E4485 /* Products */,
			);
			sourceTree = "<group>";
		};
		0F26BDF51CAA6017006E4485 /* Products */ = {
			isa = PBXGroup;
			children = (
				0F26BDF41CAA6017006E4485 /* On the Map.app */,
			);
			name = Products;
			sourceTree = "<group>";
		};
		0F26BDF61CAA6017006E4485 /* On the Map */ = {
			isa = PBXGroup;
			children = (
				0F26BDF71CAA6017006E4485 /* AppDelegate.swift */,
				0F74C3751CAA622100F32681 /* GCDBlackBox.swift */,
				0FEBBC861CAACE2600D97AD1 /* Constants.swift */,
				0F74C36C1CAA60F800F32681 /* Model */,
				0F74C3771CAA64B100F32681 /* View */,
				0F74C3701CAA615D00F32681 /* Controller */,
				0F74C3711CAA618F00F32681 /* Assets */,
				0F74C3741CAA61DC00F32681 /* Supporting Files */,
			);
			path = "On the Map";
			sourceTree = "<group>";
		};
		0F74C36C1CAA60F800F32681 /* Model */ = {
			isa = PBXGroup;
			children = (
				0F74C36D1CAA610000F32681 /* Clients */,
			);
			name = Model;
			path = ..;
			sourceTree = "<group>";
		};
		0F74C36D1CAA610000F32681 /* Clients */ = {
			isa = PBXGroup;
			children = (
				0FA2211E1CAD61F6002FE14D /* NetworkUtils.swift */,
				0FA221171CAD60F2002FE14D /* Parse */,
				0F74C36E1CAA610F00F32681 /* Udacity */,
			);
			name = Clients;
			sourceTree = "<group>";
		};
		0F74C36E1CAA610F00F32681 /* Udacity */ = {
			isa = PBXGroup;
			children = (
				0F74C3721CAA61BC00F32681 /* UdacityConstants.swift */,
				0FEBBC821CAA72DE00D97AD1 /* UdacityClient.swift */,
				0FEBBC841CAA749900D97AD1 /* UdacityConvenience.swift */,
			);
			name = Udacity;
			sourceTree = "<group>";
		};
		0F74C3701CAA615D00F32681 /* Controller */ = {
			isa = PBXGroup;
			children = (
				0F74C37A1CAA695100F32681 /* LoginViewController.swift */,
				0F26BDF91CAA6017006E4485 /* MapViewController.swift */,
				0F26BDFB1CAA6017006E4485 /* ListViewController.swift */,
				0FEBBC881CAAE50200D97AD1 /* TabBarViewController.swift */,
				0FA221131CABD0A4002FE14D /* NavigationViewController.swift */,
				0FA221151CABDAC6002FE14D /* NavBarButtonController.swift */,
				0FC0D6F01CB2BFBA0004B33E /* LocationViewController.swift */,
				0F7FD4EA1CB7A74D0073F32A /* LinkViewController.swift */,
			);
			name = Controller;
			sourceTree = "<group>";
		};
		0F74C3711CAA618F00F32681 /* Assets */ = {
			isa = PBXGroup;
			children = (
				0F26BE001CAA6017006E4485 /* Assets.xcassets */,
				0F628E8D1CB12B79005A2ED8 /* Main.storyboard */,
				0F26BE021CAA6017006E4485 /* LaunchScreen.storyboard */,
			);
			name = Assets;
			sourceTree = "<group>";
		};
		0F74C3741CAA61DC00F32681 /* Supporting Files */ = {
			isa = PBXGroup;
			children = (
				0F26BE051CAA6017006E4485 /* Info.plist */,
			);
			name = "Supporting Files";
			sourceTree = "<group>";
		};
		0F74C3771CAA64B100F32681 /* View */ = {
			isa = PBXGroup;
			children = (
				0F74C3781CAA64C200F32681 /* BorderedButton.swift */,
			);
			name = View;
			sourceTree = "<group>";
		};
		0FA221171CAD60F2002FE14D /* Parse */ = {
			isa = PBXGroup;
			children = (
				0FA221181CAD6108002FE14D /* ParseConstants.swift */,
				0FA2211A1CAD611B002FE14D /* ParseClient.swift */,
				0FA2211C1CAD612B002FE14D /* ParseConvenience.swift */,
				0F29B6B81CAF02E400757E82 /* ParseStudentLocation.swift */,
			);
			name = Parse;
			sourceTree = "<group>";
		};
/* End PBXGroup section */

/* Begin PBXNativeTarget section */
		0F26BDF31CAA6017006E4485 /* On the Map */ = {
			isa = PBXNativeTarget;
			buildConfigurationList = 0F26BE081CAA6017006E4485 /* Build configuration list for PBXNativeTarget "On the Map" */;
			buildPhases = (
				0F26BDF01CAA6017006E4485 /* Sources */,
				0F26BDF11CAA6017006E4485 /* Frameworks */,
				0F26BDF21CAA6017006E4485 /* Resources */,
			);
			buildRules = (
			);
			dependencies = (
			);
			name = "On the Map";
			productName = "On the Map";
			productReference = 0F26BDF41CAA6017006E4485 /* On the Map.app */;
			productType = "com.apple.product-type.application";
		};
/* End PBXNativeTarget section */

/* Begin PBXProject section */
		0F26BDEC1CAA6017006E4485 /* Project object */ = {
			isa = PBXProject;
			attributes = {
				LastSwiftUpdateCheck = 0710;
				LastUpgradeCheck = 0710;
				ORGANIZATIONNAME = Preishuber;
				TargetAttributes = {
					0F26BDF31CAA6017006E4485 = {
						CreatedOnToolsVersion = 7.1.1;
					};
				};
			};
			buildConfigurationList = 0F26BDEF1CAA6017006E4485 /* Build configuration list for PBXProject "On the Map" */;
			compatibilityVersion = "Xcode 3.2";
			developmentRegion = English;
			hasScannedForEncodings = 0;
			knownRegions = (
				en,
				Base,
			);
			mainGroup = 0F26BDEB1CAA6017006E4485;
			productRefGroup = 0F26BDF51CAA6017006E4485 /* Products */;
			projectDirPath = "";
			projectRoot = "";
			targets = (
				0F26BDF31CAA6017006E4485 /* On the Map */,
			);
		};
/* End PBXProject section */

/* Begin PBXResourcesBuildPhase section */
		0F26BDF21CAA6017006E4485 /* Resources */ = {
			isa = PBXResourcesBuildPhase;
			buildActionMask = 2147483647;
			files = (
				0F628E8F1CB12B79005A2ED8 /* Main.storyboard in Resources */,
				0F26BE041CAA6017006E4485 /* LaunchScreen.storyboard in Resources */,
				0F26BE011CAA6017006E4485 /* Assets.xcassets in Resources */,
			);
			runOnlyForDeploymentPostprocessing = 0;
		};
/* End PBXResourcesBuildPhase section */

/* Begin PBXSourcesBuildPhase section */
		0F26BDF01CAA6017006E4485 /* Sources */ = {
			isa = PBXSourcesBuildPhase;
			buildActionMask = 2147483647;
			files = (
				0FEBBC831CAA72DE00D97AD1 /* UdacityClient.swift in Sources */,
				0F74C37B1CAA695100F32681 /* LoginViewController.swift in Sources */,
				0FEBBC891CAAE50200D97AD1 /* TabBarViewController.swift in Sources */,
				0FEBBC851CAA749900D97AD1 /* UdacityConvenience.swift in Sources */,
				0FA221161CABDAC6002FE14D /* NavBarButtonController.swift in Sources */,
				0F26BDFC1CAA6017006E4485 /* ListViewController.swift in Sources */,
				0FA2211B1CAD611B002FE14D /* ParseClient.swift in Sources */,
				0F74C3731CAA61BC00F32681 /* UdacityConstants.swift in Sources */,
				0FC0D6F11CB2BFBA0004B33E /* LocationViewController.swift in Sources */,
				0FEBBC871CAACE2600D97AD1 /* Constants.swift in Sources */,
				0FA2211D1CAD612B002FE14D /* ParseConvenience.swift in Sources */,
				0F74C3791CAA64C200F32681 /* BorderedButton.swift in Sources */,
				0F7FD4EB1CB7A74D0073F32A /* LinkViewController.swift in Sources */,
				0FA221191CAD6108002FE14D /* ParseConstants.swift in Sources */,
				0F29B6B91CAF02E400757E82 /* ParseStudentLocation.swift in Sources */,
				0F26BDF81CAA6017006E4485 /* AppDelegate.swift in Sources */,
				0FA221141CABD0A4002FE14D /* NavigationViewController.swift in Sources */,
				0F26BDFA1CAA6017006E4485 /* MapViewController.swift in Sources */,
				0FA2211F1CAD61F6002FE14D /* NetworkUtils.swift in Sources */,
				0F74C3761CAA622100F32681 /* GCDBlackBox.swift in Sources */,
			);
			runOnlyForDeploymentPostprocessing = 0;
		};
/* End PBXSourcesBuildPhase section */

/* Begin PBXVariantGroup section */
		0F26BE021CAA6017006E4485 /* LaunchScreen.storyboard */ = {
			isa = PBXVariantGroup;
			children = (
				0F26BE031CAA6017006E4485 /* Base */,
			);
			name = LaunchScreen.storyboard;
			sourceTree = "<group>";
		};
		0F628E8D1CB12B79005A2ED8 /* Main.storyboard */ = {
			isa = PBXVariantGroup;
			children = (
				0F628E8E1CB12B79005A2ED8 /* Base */,
			);
			name = Main.storyboard;
			sourceTree = "<group>";
		};
/* End PBXVariantGroup section */

/* Begin XCBuildConfiguration section */
		0F26BE061CAA6017006E4485 /* Debug */ = {
			isa = XCBuildConfiguration;
			buildSettings = {
				ALWAYS_SEARCH_USER_PATHS = NO;
				CLANG_CXX_LANGUAGE_STANDARD = "gnu++0x";
				CLANG_CXX_LIBRARY = "libc++";
				CLANG_ENABLE_MODULES = YES;
				CLANG_ENABLE_OBJC_ARC = YES;
				CLANG_WARN_BOOL_CONVERSION = YES;
				CLANG_WARN_CONSTANT_CONVERSION = YES;
				CLANG_WARN_DIRECT_OBJC_ISA_USAGE = YES_ERROR;
				CLANG_WARN_EMPTY_BODY = YES;
				CLANG_WARN_ENUM_CONVERSION = YES;
				CLANG_WARN_INT_CONVERSION = YES;
				CLANG_WARN_OBJC_ROOT_CLASS = YES_ERROR;
				CLANG_WARN_UNREACHABLE_CODE = YES;
				CLANG_WARN__DUPLICATE_METHOD_MATCH = YES;
				"CODE_SIGN_IDENTITY[sdk=iphoneos*]" = "iPhone Developer";
				COPY_PHASE_STRIP = NO;
				DEBUG_INFORMATION_FORMAT = dwarf;
				ENABLE_STRICT_OBJC_MSGSEND = YES;
				ENABLE_TESTABILITY = YES;
				GCC_C_LANGUAGE_STANDARD = gnu99;
				GCC_DYNAMIC_NO_PIC = NO;
				GCC_NO_COMMON_BLOCKS = YES;
				GCC_OPTIMIZATION_LEVEL = 0;
				GCC_PREPROCESSOR_DEFINITIONS = (
					"DEBUG=1",
					"$(inherited)",
				);
				GCC_WARN_64_TO_32_BIT_CONVERSION = YES;
				GCC_WARN_ABOUT_RETURN_TYPE = YES_ERROR;
				GCC_WARN_UNDECLARED_SELECTOR = YES;
				GCC_WARN_UNINITIALIZED_AUTOS = YES_AGGRESSIVE;
				GCC_WARN_UNUSED_FUNCTION = YES;
				GCC_WARN_UNUSED_VARIABLE = YES;
				IPHONEOS_DEPLOYMENT_TARGET = 9.1;
				MTL_ENABLE_DEBUG_INFO = YES;
				ONLY_ACTIVE_ARCH = YES;
				SDKROOT = iphoneos;
				SWIFT_OPTIMIZATION_LEVEL = "-Onone";
			};
			name = Debug;
		};
		0F26BE071CAA6017006E4485 /* Release */ = {
			isa = XCBuildConfiguration;
			buildSettings = {
				ALWAYS_SEARCH_USER_PATHS = NO;
				CLANG_CXX_LANGUAGE_STANDARD = "gnu++0x";
				CLANG_CXX_LIBRARY = "libc++";
				CLANG_ENABLE_MODULES = YES;
				CLANG_ENABLE_OBJC_ARC = YES;
				CLANG_WARN_BOOL_CONVERSION = YES;
				CLANG_WARN_CONSTANT_CONVERSION = YES;
				CLANG_WARN_DIRECT_OBJC_ISA_USAGE = YES_ERROR;
				CLANG_WARN_EMPTY_BODY = YES;
				CLANG_WARN_ENUM_CONVERSION = YES;
				CLANG_WARN_INT_CONVERSION = YES;
				CLANG_WARN_OBJC_ROOT_CLASS = YES_ERROR;
				CLANG_WARN_UNREACHABLE_CODE = YES;
				CLANG_WARN__DUPLICATE_METHOD_MATCH = YES;
				"CODE_SIGN_IDENTITY[sdk=iphoneos*]" = "iPhone Developer";
				COPY_PHASE_STRIP = NO;
				DEBUG_INFORMATION_FORMAT = "dwarf-with-dsym";
				ENABLE_NS_ASSERTIONS = NO;
				ENABLE_STRICT_OBJC_MSGSEND = YES;
				GCC_C_LANGUAGE_STANDARD = gnu99;
				GCC_NO_COMMON_BLOCKS = YES;
				GCC_WARN_64_TO_32_BIT_CONVERSION = YES;
				GCC_WARN_ABOUT_RETURN_TYPE = YES_ERROR;
				GCC_WARN_UNDECLARED_SELECTOR = YES;
				GCC_WARN_UNINITIALIZED_AUTOS = YES_AGGRESSIVE;
				GCC_WARN_UNUSED_FUNCTION = YES;
				GCC_WARN_UNUSED_VARIABLE = YES;
				IPHONEOS_DEPLOYMENT_TARGET = 9.1;
				MTL_ENABLE_DEBUG_INFO = NO;
				SDKROOT = iphoneos;
				VALIDATE_PRODUCT = YES;
			};
			name = Release;
		};
		0F26BE091CAA6017006E4485 /* Debug */ = {
			isa = XCBuildConfiguration;
			buildSettings = {
				ASSETCATALOG_COMPILER_APPICON_NAME = AppIcon;
				INFOPLIST_FILE = "On the Map/Info.plist";
				LD_RUNPATH_SEARCH_PATHS = "$(inherited) @executable_path/Frameworks";
				PRODUCT_BUNDLE_IDENTIFIER = "preishuber.On-the-Map";
				PRODUCT_NAME = "$(TARGET_NAME)";
			};
			name = Debug;
		};
		0F26BE0A1CAA6017006E4485 /* Release */ = {
			isa = XCBuildConfiguration;
			buildSettings = {
				ASSETCATALOG_COMPILER_APPICON_NAME = AppIcon;
				INFOPLIST_FILE = "On the Map/Info.plist";
				LD_RUNPATH_SEARCH_PATHS = "$(inherited) @executable_path/Frameworks";
				PRODUCT_BUNDLE_IDENTIFIER = "preishuber.On-the-Map";
				PRODUCT_NAME = "$(TARGET_NAME)";
			};
			name = Release;
		};
/* End XCBuildConfiguration section */

/* Begin XCConfigurationList section */
		0F26BDEF1CAA6017006E4485 /* Build configuration list for PBXProject "On the Map" */ = {
			isa = XCConfigurationList;
			buildConfigurations = (
				0F26BE061CAA6017006E4485 /* Debug */,
				0F26BE071CAA6017006E4485 /* Release */,
			);
			defaultConfigurationIsVisible = 0;
			defaultConfigurationName = Release;
		};
		0F26BE081CAA6017006E4485 /* Build configuration list for PBXNativeTarget "On the Map" */ = {
			isa = XCConfigurationList;
			buildConfigurations = (
				0F26BE091CAA6017006E4485 /* Debug */,
				0F26BE0A1CAA6017006E4485 /* Release */,
			);
			defaultConfigurationIsVisible = 0;
			defaultConfigurationName = Release;
		};
/* End XCConfigurationList section */
	};
	rootObject = 0F26BDEC1CAA6017006E4485 /* Project object */;
}
